
Microsoft Visual Studio Solution File, Format Version 12.00
# Visual Studio 15
VisualStudioVersion = 15.0.28307.757
MinimumVisualStudioVersion = 10.0.40219.1
Project("{FAE04EC0-301F-11D3-BF4B-00C04F79EFBC}") = "LiskovSubstitution.ConsoleApp", "LiskovSubstitution.ConsoleApp\LiskovSubstitution.ConsoleApp.csproj", "{C3EA2A00-86F7-4E31-BC54-2889E0B35EC5}"
EndProject
Project("{FAE04EC0-301F-11D3-BF4B-00C04F79EFBC}") = "LiskovSubstitution.Tests", "LiskovSubstitution.Tests\LiskovSubstitution.Tests.csproj", "{78C3EF24-D94B-4275-B82F-910FF0657F11}"
EndProject
Global
	GlobalSection(SolutionConfigurationPlatforms) = preSolution
		Debug|Any CPU = Debug|Any CPU
		Release|Any CPU = Release|Any CPU
	EndGlobalSection
	GlobalSection(ProjectConfigurationPlatforms) = postSolution
		{C3EA2A00-86F7-4E31-BC54-2889E0B35EC5}.Debug|Any CPU.ActiveCfg = Debug|Any CPU
		{C3EA2A00-86F7-4E31-BC54-2889E0B35EC5}.Debug|Any CPU.Build.0 = Debug|Any CPU
		{C3EA2A00-86F7-4E31-BC54-2889E0B35EC5}.Release|Any CPU.ActiveCfg = Release|Any CPU
		{C3EA2A00-86F7-4E31-BC54-2889E0B35EC5}.Release|Any CPU.Build.0 = Release|Any CPU
		{78C3EF24-D94B-4275-B82F-910FF0657F11}.Debug|Any CPU.ActiveCfg = Debug|Any CPU
		{78C3EF24-D94B-4275-B82F-910FF0657F11}.Debug|Any CPU.Build.0 = Debug|Any CPU
		{78C3EF24-D94B-4275-B82F-910FF0657F11}.Release|Any CPU.ActiveCfg = Release|Any CPU
		{78C3EF24-D94B-4275-B82F-910FF0657F11}.Release|Any CPU.Build.0 = Release|Any CPU
	EndGlobalSection
	GlobalSection(SolutionProperties) = preSolution
		HideSolutionNode = FALSE
	EndGlobalSection
	GlobalSection(ExtensibilityGlobals) = postSolution
		SolutionGuid = {731958BB-26D6-458A-AA0B-BB052E4A4705}
	EndGlobalSection
EndGlobal
